// !$*UTF8*$!
{
	archiveVersion = 1;
	classes = {
	};
	objectVersion = 55;
	objects = {

/* Begin PBXBuildFile section */
		4240EC102761C2AF0053BF00 /* BigControllerViewController.swift in Sources */ = {isa = PBXBuildFile; fileRef = 4240EC0F2761C2AF0053BF00 /* BigControllerViewController.swift */; };
		42804819276047C80099D12B /* ShakeViewController.swift in Sources */ = {isa = PBXBuildFile; fileRef = 42804818276047C80099D12B /* ShakeViewController.swift */; };
		4284D4672756F2F3008B2749 /* GravityViewController.swift in Sources */ = {isa = PBXBuildFile; fileRef = 4284D4662756F2F3008B2749 /* GravityViewController.swift */; };
		428EE137274F1F4F0061DC3D /* AppDelegate.swift in Sources */ = {isa = PBXBuildFile; fileRef = 428EE136274F1F4F0061DC3D /* AppDelegate.swift */; };
		428EE139274F1F4F0061DC3D /* SceneDelegate.swift in Sources */ = {isa = PBXBuildFile; fileRef = 428EE138274F1F4F0061DC3D /* SceneDelegate.swift */; };
		428EE13B274F1F4F0061DC3D /* ViewController.swift in Sources */ = {isa = PBXBuildFile; fileRef = 428EE13A274F1F4F0061DC3D /* ViewController.swift */; };
		428EE13E274F1F4F0061DC3D /* Main.storyboard in Resources */ = {isa = PBXBuildFile; fileRef = 428EE13C274F1F4F0061DC3D /* Main.storyboard */; };
		428EE140274F1F500061DC3D /* Assets.xcassets in Resources */ = {isa = PBXBuildFile; fileRef = 428EE13F274F1F500061DC3D /* Assets.xcassets */; };
		428EE143274F1F500061DC3D /* LaunchScreen.storyboard in Resources */ = {isa = PBXBuildFile; fileRef = 428EE141274F1F500061DC3D /* LaunchScreen.storyboard */; };
		4293F5942755AF3000226487 /* UIVolumeSlider.swift in Sources */ = {isa = PBXBuildFile; fileRef = 4293F5932755AF3000226487 /* UIVolumeSlider.swift */; };
/* End PBXBuildFile section */

/* Begin PBXFileReference section */
		4240EC0F2761C2AF0053BF00 /* BigControllerViewController.swift */ = {isa = PBXFileReference; lastKnownFileType = sourcecode.swift; path = BigControllerViewController.swift; sourceTree = "<group>"; };
		42804818276047C80099D12B /* ShakeViewController.swift */ = {isa = PBXFileReference; lastKnownFileType = sourcecode.swift; path = ShakeViewController.swift; sourceTree = "<group>"; };
		4284D4662756F2F3008B2749 /* GravityViewController.swift */ = {isa = PBXFileReference; lastKnownFileType = sourcecode.swift; path = GravityViewController.swift; sourceTree = "<group>"; };
		428EE133274F1F4F0061DC3D /* CannonVolumeController.app */ = {isa = PBXFileReference; explicitFileType = wrapper.application; includeInIndex = 0; path = CannonVolumeController.app; sourceTree = BUILT_PRODUCTS_DIR; };
		428EE136274F1F4F0061DC3D /* AppDelegate.swift */ = {isa = PBXFileReference; lastKnownFileType = sourcecode.swift; path = AppDelegate.swift; sourceTree = "<group>"; };
		428EE138274F1F4F0061DC3D /* SceneDelegate.swift */ = {isa = PBXFileReference; lastKnownFileType = sourcecode.swift; path = SceneDelegate.swift; sourceTree = "<group>"; };
		428EE13A274F1F4F0061DC3D /* ViewController.swift */ = {isa = PBXFileReference; lastKnownFileType = sourcecode.swift; path = ViewController.swift; sourceTree = "<group>"; };
		428EE13D274F1F4F0061DC3D /* Base */ = {isa = PBXFileReference; lastKnownFileType = file.storyboard; name = Base; path = Base.lproj/Main.storyboard; sourceTree = "<group>"; };
		428EE13F274F1F500061DC3D /* Assets.xcassets */ = {isa = PBXFileReference; lastKnownFileType = folder.assetcatalog; path = Assets.xcassets; sourceTree = "<group>"; };
		428EE142274F1F500061DC3D /* Base */ = {isa = PBXFileReference; lastKnownFileType = file.storyboard; name = Base; path = Base.lproj/LaunchScreen.storyboard; sourceTree = "<group>"; };
		428EE144274F1F500061DC3D /* Info.plist */ = {isa = PBXFileReference; lastKnownFileType = text.plist.xml; path = Info.plist; sourceTree = "<group>"; };
		4293F5932755AF3000226487 /* UIVolumeSlider.swift */ = {isa = PBXFileReference; lastKnownFileType = sourcecode.swift; path = UIVolumeSlider.swift; sourceTree = "<group>"; };
/* End PBXFileReference section */

/* Begin PBXFrameworksBuildPhase section */
		428EE130274F1F4F0061DC3D /* Frameworks */ = {
			isa = PBXFrameworksBuildPhase;
			buildActionMask = 2147483647;
			files = (
			);
			runOnlyForDeploymentPostprocessing = 0;
		};
/* End PBXFrameworksBuildPhase section */

/* Begin PBXGroup section */
		42804817276047830099D12B /* ViewController */ = {
			isa = PBXGroup;
			children = (
				428EE13A274F1F4F0061DC3D /* ViewController.swift */,
				42804818276047C80099D12B /* ShakeViewController.swift */,
				4284D4662756F2F3008B2749 /* GravityViewController.swift */,
				4240EC0F2761C2AF0053BF00 /* BigControllerViewController.swift */,
			);
			path = ViewController;
			sourceTree = "<group>";
		};
		428EE12A274F1F4F0061DC3D = {
			isa = PBXGroup;
			children = (
				428EE135274F1F4F0061DC3D /* CannonVolumeController */,
				428EE134274F1F4F0061DC3D /* Products */,
			);
			sourceTree = "<group>";
		};
		428EE134274F1F4F0061DC3D /* Products */ = {
			isa = PBXGroup;
			children = (
				428EE133274F1F4F0061DC3D /* CannonVolumeController.app */,
			);
			name = Products;
			sourceTree = "<group>";
		};
		428EE135274F1F4F0061DC3D /* CannonVolumeController */ = {
			isa = PBXGroup;
			children = (
				42804817276047830099D12B /* ViewController */,
				428EE136274F1F4F0061DC3D /* AppDelegate.swift */,
				428EE138274F1F4F0061DC3D /* SceneDelegate.swift */,
				4293F5932755AF3000226487 /* UIVolumeSlider.swift */,
				428EE13C274F1F4F0061DC3D /* Main.storyboard */,
				428EE13F274F1F500061DC3D /* Assets.xcassets */,
				428EE141274F1F500061DC3D /* LaunchScreen.storyboard */,
				428EE144274F1F500061DC3D /* Info.plist */,
			);
			path = CannonVolumeController;
			sourceTree = "<group>";
		};
/* End PBXGroup section */

/* Begin PBXNativeTarget section */
		428EE132274F1F4F0061DC3D /* CannonVolumeController */ = {
			isa = PBXNativeTarget;
			buildConfigurationList = 428EE147274F1F500061DC3D /* Build configuration list for PBXNativeTarget "CannonVolumeController" */;
			buildPhases = (
				428EE12F274F1F4F0061DC3D /* Sources */,
				428EE130274F1F4F0061DC3D /* Frameworks */,
				428EE131274F1F4F0061DC3D /* Resources */,
			);
			buildRules = (
			);
			dependencies = (
			);
			name = CannonVolumeController;
			productName = CannonVolumeController;
			productReference = 428EE133274F1F4F0061DC3D /* CannonVolumeController.app */;
			productType = "com.apple.product-type.application";
		};
/* End PBXNativeTarget section */

/* Begin PBXProject section */
		428EE12B274F1F4F0061DC3D /* Project object */ = {
			isa = PBXProject;
			attributes = {
				BuildIndependentTargetsInParallel = 1;
				LastSwiftUpdateCheck = 1310;
				LastUpgradeCheck = 1310;
				TargetAttributes = {
					428EE132274F1F4F0061DC3D = {
						CreatedOnToolsVersion = 13.1;
					};
				};
			};
			buildConfigurationList = 428EE12E274F1F4F0061DC3D /* Build configuration list for PBXProject "CannonVolumeController" */;
			compatibilityVersion = "Xcode 13.0";
			developmentRegion = en;
			hasScannedForEncodings = 0;
			knownRegions = (
				en,
				Base,
			);
			mainGroup = 428EE12A274F1F4F0061DC3D;
			productRefGroup = 428EE134274F1F4F0061DC3D /* Products */;
			projectDirPath = "";
			projectRoot = "";
			targets = (
				428EE132274F1F4F0061DC3D /* CannonVolumeController */,
			);
		};
/* End PBXProject section */

/* Begin PBXResourcesBuildPhase section */
		428EE131274F1F4F0061DC3D /* Resources */ = {
			isa = PBXResourcesBuildPhase;
			buildActionMask = 2147483647;
			files = (
				428EE143274F1F500061DC3D /* LaunchScreen.storyboard in Resources */,
				428EE140274F1F500061DC3D /* Assets.xcassets in Resources */,
				428EE13E274F1F4F0061DC3D /* Main.storyboard in Resources */,
			);
			runOnlyForDeploymentPostprocessing = 0;
		};
/* End PBXResourcesBuildPhase section */

/* Begin PBXSourcesBuildPhase section */
		428EE12F274F1F4F0061DC3D /* Sources */ = {
			isa = PBXSourcesBuildPhase;
			buildActionMask = 2147483647;
			files = (
				4293F5942755AF3000226487 /* UIVolumeSlider.swift in Sources */,
				42804819276047C80099D12B /* ShakeViewController.swift in Sources */,
				428EE13B274F1F4F0061DC3D /* ViewController.swift in Sources */,
				428EE137274F1F4F0061DC3D /* AppDelegate.swift in Sources */,
				4240EC102761C2AF0053BF00 /* BigControllerViewController.swift in Sources */,
				4284D4672756F2F3008B2749 /* GravityViewController.swift in Sources */,
				428EE139274F1F4F0061DC3D /* SceneDelegate.swift in Sources */,
			);
			runOnlyForDeploymentPostprocessing = 0;
		};
/* End PBXSourcesBuildPhase section */

/* Begin PBXVariantGroup section */
		428EE13C274F1F4F0061DC3D /* Main.storyboard */ = {
			isa = PBXVariantGroup;
			children = (
				428EE13D274F1F4F0061DC3D /* Base */,
			);
			name = Main.storyboard;
			sourceTree = "<group>";
		};
		428EE141274F1F500061DC3D /* LaunchScreen.storyboard */ = {
			isa = PBXVariantGroup;
			children = (
				428EE142274F1F500061DC3D /* Base */,
			);
			name = LaunchScreen.storyboard;
			sourceTree = "<group>";
		};
/* End PBXVariantGroup section */

/* Begin XCBuildConfiguration section */
		428EE145274F1F500061DC3D /* Debug */ = {
			isa = XCBuildConfiguration;
			buildSettings = {
				ALWAYS_SEARCH_USER_PATHS = NO;
				CLANG_ANALYZER_NONNULL = YES;
				CLANG_ANALYZER_NUMBER_OBJECT_CONVERSION = YES_AGGRESSIVE;
				CLANG_CXX_LANGUAGE_STANDARD = "gnu++17";
				CLANG_CXX_LIBRARY = "libc++";
				CLANG_ENABLE_MODULES = YES;
				CLANG_ENABLE_OBJC_ARC = YES;
				CLANG_ENABLE_OBJC_WEAK = YES;
				CLANG_WARN_BLOCK_CAPTURE_AUTORELEASING = YES;
				CLANG_WARN_BOOL_CONVERSION = YES;
				CLANG_WARN_COMMA = YES;
				CLANG_WARN_CONSTANT_CONVERSION = YES;
				CLANG_WARN_DEPRECATED_OBJC_IMPLEMENTATIONS = YES;
				CLANG_WARN_DIRECT_OBJC_ISA_USAGE = YES_ERROR;
				CLANG_WARN_DOCUMENTATION_COMMENTS = YES;
				CLANG_WARN_EMPTY_BODY = YES;
				CLANG_WARN_ENUM_CONVERSION = YES;
				CLANG_WARN_INFINITE_RECURSION = YES;
				CLANG_WARN_INT_CONVERSION = YES;
				CLANG_WARN_NON_LITERAL_NULL_CONVERSION = YES;
				CLANG_WARN_OBJC_IMPLICIT_RETAIN_SELF = YES;
				CLANG_WARN_OBJC_LITERAL_CONVERSION = YES;
				CLANG_WARN_OBJC_ROOT_CLASS = YES_ERROR;
				CLANG_WARN_QUOTED_INCLUDE_IN_FRAMEWORK_HEADER = YES;
				CLANG_WARN_RANGE_LOOP_ANALYSIS = YES;
				CLANG_WARN_STRICT_PROTOTYPES = YES;
				CLANG_WARN_SUSPICIOUS_MOVE = YES;
				CLANG_WARN_UNGUARDED_AVAILABILITY = YES_AGGRESSIVE;
				CLANG_WARN_UNREACHABLE_CODE = YES;
				CLANG_WARN__DUPLICATE_METHOD_MATCH = YES;
				COPY_PHASE_STRIP = NO;
				DEBUG_INFORMATION_FORMAT = dwarf;
				ENABLE_STRICT_OBJC_MSGSEND = YES;
				ENABLE_TESTABILITY = YES;
				GCC_C_LANGUAGE_STANDARD = gnu11;
				GCC_DYNAMIC_NO_PIC = NO;
				GCC_NO_COMMON_BLOCKS = YES;
				GCC_OPTIMIZATION_LEVEL = 0;
				GCC_PREPROCESSOR_DEFINITIONS = (
					"DEBUG=1",
					"$(inherited)",
				);
				GCC_WARN_64_TO_32_BIT_CONVERSION = YES;
				GCC_WARN_ABOUT_RETURN_TYPE = YES_ERROR;
				GCC_WARN_UNDECLARED_SELECTOR = YES;
				GCC_WARN_UNINITIALIZED_AUTOS = YES_AGGRESSIVE;
				GCC_WARN_UNUSED_FUNCTION = YES;
				GCC_WARN_UNUSED_VARIABLE = YES;
				IPHONEOS_DEPLOYMENT_TARGET = 15.0;
				MTL_ENABLE_DEBUG_INFO = INCLUDE_SOURCE;
				MTL_FAST_MATH = YES;
				ONLY_ACTIVE_ARCH = YES;
				SDKROOT = iphoneos;
				SWIFT_ACTIVE_COMPILATION_CONDITIONS = DEBUG;
				SWIFT_OPTIMIZATION_LEVEL = "-Onone";
			};
			name = Debug;
		};
		428EE146274F1F500061DC3D /* Release */ = {
			isa = XCBuildConfiguration;
			buildSettings = {
				ALWAYS_SEARCH_USER_PATHS = NO;
				CLANG_ANALYZER_NONNULL = YES;
				CLANG_ANALYZER_NUMBER_OBJECT_CONVERSION = YES_AGGRESSIVE;
				CLANG_CXX_LANGUAGE_STANDARD = "gnu++17";
				CLANG_CXX_LIBRARY = "libc++";
				CLANG_ENABLE_MODULES = YES;
				CLANG_ENABLE_OBJC_ARC = YES;
				CLANG_ENABLE_OBJC_WEAK = YES;
				CLANG_WARN_BLOCK_CAPTURE_AUTORELEASING = YES;
				CLANG_WARN_BOOL_CONVERSION = YES;
				CLANG_WARN_COMMA = YES;
				CLANG_WARN_CONSTANT_CONVERSION = YES;
				CLANG_WARN_DEPRECATED_OBJC_IMPLEMENTATIONS = YES;
				CLANG_WARN_DIRECT_OBJC_ISA_USAGE = YES_ERROR;
				CLANG_WARN_DOCUMENTATION_COMMENTS = YES;
				CLANG_WARN_EMPTY_BODY = YES;
				CLANG_WARN_ENUM_CONVERSION = YES;
				CLANG_WARN_INFINITE_RECURSION = YES;
				CLANG_WARN_INT_CONVERSION = YES;
				CLANG_WARN_NON_LITERAL_NULL_CONVERSION = YES;
				CLANG_WARN_OBJC_IMPLICIT_RETAIN_SELF = YES;
				CLANG_WARN_OBJC_LITERAL_CONVERSION = YES;
				CLANG_WARN_OBJC_ROOT_CLASS = YES_ERROR;
				CLANG_WARN_QUOTED_INCLUDE_IN_FRAMEWORK_HEADER = YES;
				CLANG_WARN_RANGE_LOOP_ANALYSIS = YES;
				CLANG_WARN_STRICT_PROTOTYPES = YES;
				CLANG_WARN_SUSPICIOUS_MOVE = YES;
				CLANG_WARN_UNGUARDED_AVAILABILITY = YES_AGGRESSIVE;
				CLANG_WARN_UNREACHABLE_CODE = YES;
				CLANG_WARN__DUPLICATE_METHOD_MATCH = YES;
				COPY_PHASE_STRIP = NO;
				DEBUG_INFORMATION_FORMAT = "dwarf-with-dsym";
				ENABLE_NS_ASSERTIONS = NO;
				ENABLE_STRICT_OBJC_MSGSEND = YES;
				GCC_C_LANGUAGE_STANDARD = gnu11;
				GCC_NO_COMMON_BLOCKS = YES;
				GCC_WARN_64_TO_32_BIT_CONVERSION = YES;
				GCC_WARN_ABOUT_RETURN_TYPE = YES_ERROR;
				GCC_WARN_UNDECLARED_SELECTOR = YES;
				GCC_WARN_UNINITIALIZED_AUTOS = YES_AGGRESSIVE;
				GCC_WARN_UNUSED_FUNCTION = YES;
				GCC_WARN_UNUSED_VARIABLE = YES;
				IPHONEOS_DEPLOYMENT_TARGET = 15.0;
				MTL_ENABLE_DEBUG_INFO = NO;
				MTL_FAST_MATH = YES;
				SDKROOT = iphoneos;
				SWIFT_COMPILATION_MODE = wholemodule;
				SWIFT_OPTIMIZATION_LEVEL = "-O";
				VALIDATE_PRODUCT = YES;
			};
			name = Release;
		};
		428EE148274F1F500061DC3D /* Debug */ = {
			isa = XCBuildConfiguration;
			buildSettings = {
				ASSETCATALOG_COMPILER_APPICON_NAME = AppIcon;
				ASSETCATALOG_COMPILER_GLOBAL_ACCENT_COLOR_NAME = AccentColor;
				CODE_SIGN_STYLE = Automatic;
				CURRENT_PROJECT_VERSION = 1;
				DEVELOPMENT_TEAM = Z44PNMNA6D;
				GENERATE_INFOPLIST_FILE = YES;
				INFOPLIST_FILE = CannonVolumeController/Info.plist;
				INFOPLIST_KEY_UIApplicationSupportsIndirectInputEvents = YES;
				INFOPLIST_KEY_UILaunchStoryboardName = LaunchScreen;
				INFOPLIST_KEY_UIMainStoryboardFile = Main;
				INFOPLIST_KEY_UISupportedInterfaceOrientations_iPad = "UIInterfaceOrientationPortrait UIInterfaceOrientationPortraitUpsideDown UIInterfaceOrientationLandscapeLeft UIInterfaceOrientationLandscapeRight";
				INFOPLIST_KEY_UISupportedInterfaceOrientations_iPhone = "UIInterfaceOrientationPortrait UIInterfaceOrientationLandscapeLeft UIInterfaceOrientationLandscapeRight";
				LD_RUNPATH_SEARCH_PATHS = (
					"$(inherited)",
					"@executable_path/Frameworks",
				);
				MARKETING_VERSION = 1.0;
				PRODUCT_BUNDLE_IDENTIFIER = BO.CannonVolumeController;
				PRODUCT_NAME = "$(TARGET_NAME)";
				SWIFT_EMIT_LOC_STRINGS = YES;
				SWIFT_VERSION = 5.0;
				TARGETED_DEVICE_FAMILY = "1,2";
			};
			name = Debug;
		};
		428EE149274F1F500061DC3D /* Release */ = {
			isa = XCBuildConfiguration;
			buildSettings = {
				ASSETCATALOG_COMPILER_APPICON_NAME = AppIcon;
				ASSETCATALOG_COMPILER_GLOBAL_ACCENT_COLOR_NAME = AccentColor;
				CODE_SIGN_STYLE = Automatic;
				CURRENT_PROJECT_VERSION = 1;
				DEVELOPMENT_TEAM = Z44PNMNA6D;
				GENERATE_INFOPLIST_FILE = YES;
				INFOPLIST_FILE = CannonVolumeController/Info.plist;
				INFOPLIST_KEY_UIApplicationSupportsIndirectInputEvents = YES;
				INFOPLIST_KEY_UILaunchStoryboardName = LaunchScreen;
				INFOPLIST_KEY_UIMainStoryboardFile = Main;
				INFOPLIST_KEY_UISupportedInterfaceOrientations_iPad = "UIInterfaceOrientationPortrait UIInterfaceOrientationPortraitUpsideDown UIInterfaceOrientationLandscapeLeft UIInterfaceOrientationLandscapeRight";
				INFOPLIST_KEY_UISupportedInterfaceOrientations_iPhone = "UIInterfaceOrientationPortrait UIInterfaceOrientationLandscapeLeft UIInterfaceOrientationLandscapeRight";
				LD_RUNPATH_SEARCH_PATHS = (
					"$(inherited)",
					"@executable_path/Frameworks",
				);
				MARKETING_VERSION = 1.0;
				PRODUCT_BUNDLE_IDENTIFIER = BO.CannonVolumeController;
				PRODUCT_NAME = "$(TARGET_NAME)";
				SWIFT_EMIT_LOC_STRINGS = YES;
				SWIFT_VERSION = 5.0;
				TARGETED_DEVICE_FAMILY = "1,2";
			};
			name = Release;
		};
/* End XCBuildConfiguration section */

/* Begin XCConfigurationList section */
		428EE12E274F1F4F0061DC3D /* Build configuration list for PBXProject "CannonVolumeController" */ = {
			isa = XCConfigurationList;
			buildConfigurations = (
				428EE145274F1F500061DC3D /* Debug */,
				428EE146274F1F500061DC3D /* Release */,
			);
			defaultConfigurationIsVisible = 0;
			defaultConfigurationName = Release;
		};
		428EE147274F1F500061DC3D /* Build configuration list for PBXNativeTarget "CannonVolumeController" */ = {
			isa = XCConfigurationList;
			buildConfigurations = (
				428EE148274F1F500061DC3D /* Debug */,
				428EE149274F1F500061DC3D /* Release */,
			);
			defaultConfigurationIsVisible = 0;
			defaultConfigurationName = Release;
		};
/* End XCConfigurationList section */
	};
	rootObject = 428EE12B274F1F4F0061DC3D /* Project object */;
}
